
Microsoft Visual Studio Solution File, Format Version 12.00
# Visual Studio Version 17
VisualStudioVersion = 17.11.35327.3
MinimumVisualStudioVersion = 10.0.40219.1
Project("{FAE04EC0-301F-11D3-BF4B-00C04F79EFBC}") = "Bankamatik", "Bankamatik\Bankamatik.csproj", "{515212BD-AE0D-492C-8BC3-A8D229679481}"
EndProject
Global
	GlobalSection(SolutionConfigurationPlatforms) = preSolution
		Debug|Any CPU = Debug|Any CPU
		Release|Any CPU = Release|Any CPU
	EndGlobalSection
	GlobalSection(ProjectConfigurationPlatforms) = postSolution
		{515212BD-AE0D-492C-8BC3-A8D229679481}.Debug|Any CPU.ActiveCfg = Debug|Any CPU
		{515212BD-AE0D-492C-8BC3-A8D229679481}.Debug|Any CPU.Build.0 = Debug|Any CPU
		{515212BD-AE0D-492C-8BC3-A8D229679481}.Release|Any CPU.ActiveCfg = Release|Any CPU
		{515212BD-AE0D-492C-8BC3-A8D229679481}.Release|Any CPU.Build.0 = Release|Any CPU
	EndGlobalSection
	GlobalSection(SolutionProperties) = preSolution
		HideSolutionNode = FALSE
	EndGlobalSection
	GlobalSection(ExtensibilityGlobals) = postSolution
		SolutionGuid = {08764108-FB77-45CC-87E9-265EC0D24CDA}
	EndGlobalSection
EndGlobal
